
Microsoft Visual Studio Solution File, Format Version 12.00
# Visual Studio Version 17
VisualStudioVersion = 17.8.34316.72
MinimumVisualStudioVersion = 10.0.40219.1
Project("{8BC9CEB8-8B4A-11D0-8D11-00A0C91BC942}") = "pvc-editor-wx", "pvc-editor-wx.vcxproj", "{DA73F468-A134-4735-A41C-EB542095F0C9}"
EndProject
Global
	GlobalSection(SolutionConfigurationPlatforms) = preSolution
		Debug|x64 = Debug|x64
		Debug|x86 = Debug|x86
		Release|x64 = Release|x64
		Release|x86 = Release|x86
	EndGlobalSection
	GlobalSection(ProjectConfigurationPlatforms) = postSolution
		{DA73F468-A134-4735-A41C-EB542095F0C9}.Debug|x64.ActiveCfg = Debug|x64
		{DA73F468-A134-4735-A41C-EB542095F0C9}.Debug|x64.Build.0 = Debug|x64
		{DA73F468-A134-4735-A41C-EB542095F0C9}.Debug|x86.ActiveCfg = Debug|Win32
		{DA73F468-A134-4735-A41C-EB542095F0C9}.Debug|x86.Build.0 = Debug|Win32
		{DA73F468-A134-4735-A41C-EB542095F0C9}.Release|x64.ActiveCfg = Release|x64
		{DA73F468-A134-4735-A41C-EB542095F0C9}.Release|x64.Build.0 = Release|x64
		{DA73F468-A134-4735-A41C-EB542095F0C9}.Release|x86.ActiveCfg = Release|Win32
		{DA73F468-A134-4735-A41C-EB542095F0C9}.Release|x86.Build.0 = Release|Win32
	EndGlobalSection
	GlobalSection(SolutionProperties) = preSolution
		HideSolutionNode = FALSE
	EndGlobalSection
	GlobalSection(ExtensibilityGlobals) = postSolution
		SolutionGuid = {C08ACC7B-1F42-43B7-B447-15BFE4D9F0DE}
	EndGlobalSection
EndGlobal
